{
  "requires": true,
  "lockfileVersion": 1,
  "dependencies": {
    "easytimer": {
      "version": "1.1.1",
      "resolved": "https://registry.npmjs.org/easytimer/-/easytimer-1.1.1.tgz",
      "integrity": "sha1-Gt3eclZG3iWSQw0DBIp0jWM1TpQ="
    },
    "jquery": {
      "version": "3.2.1",
      "resolved": "https://registry.npmjs.org/jquery/-/jquery-3.2.1.tgz",
      "integrity": "sha1-XE2d5lKvbNCncBVKYxu6ErAVx4c="
    },
    "moment": {
      "version": "2.18.1",
      "resolved": "https://registry.npmjs.org/moment/-/moment-2.18.1.tgz",
      "integrity": "sha1-w2GT3Tzhwu7SrbfIAtu8d6gbHA8="
    }
  }
}
